
Microsoft Visual Studio Solution File, Format Version 12.00
# Visual Studio Version 17
VisualStudioVersion = 17.14.36603.0
MinimumVisualStudioVersion = 10.0.40219.1
Project("{FAE04EC0-301F-11D3-BF4B-00C04F79EFBC}") = "HHMBApp.Domain", "HHMBApp.Domain\HHMBApp.Domain.csproj", "{05C9AA74-0EBC-465A-8F3A-1F55AAEEBCC9}"
EndProject
Project("{FAE04EC0-301F-11D3-BF4B-00C04F79EFBC}") = "HHMBApp.Application", "HHMBApp.Application\HHMBApp.Application.csproj", "{932F9BF5-FB42-4F1B-84FF-02578A3C597B}"
EndProject
Project("{FAE04EC0-301F-11D3-BF4B-00C04F79EFBC}") = "HHMBApp.Infrastructure", "HHMBApp.Infrastructure\HHMBApp.Infrastructure.csproj", "{CA695CF5-6214-4D9C-A28D-86DB0E4D2534}"
EndProject
Project("{FAE04EC0-301F-11D3-BF4B-00C04F79EFBC}") = "HHMBApp.API", "HHMBApp.API\HHMBApp.API.csproj", "{26085C0B-3822-48E0-B5A8-4137BD17E368}"
EndProject
Project("{FAE04EC0-301F-11D3-BF4B-00C04F79EFBC}") = "HHMBApp.Maui", "HHMBApp.Maui\HHMBApp.Maui.csproj", "{2F56F508-0BE3-48BE-8916-B3D316CA811A}"
EndProject
Global
	GlobalSection(SolutionConfigurationPlatforms) = preSolution
		Debug|Any CPU = Debug|Any CPU
		Release|Any CPU = Release|Any CPU
	EndGlobalSection
	GlobalSection(ProjectConfigurationPlatforms) = postSolution
		{05C9AA74-0EBC-465A-8F3A-1F55AAEEBCC9}.Debug|Any CPU.ActiveCfg = Debug|Any CPU
		{05C9AA74-0EBC-465A-8F3A-1F55AAEEBCC9}.Debug|Any CPU.Build.0 = Debug|Any CPU
		{05C9AA74-0EBC-465A-8F3A-1F55AAEEBCC9}.Release|Any CPU.ActiveCfg = Release|Any CPU
		{05C9AA74-0EBC-465A-8F3A-1F55AAEEBCC9}.Release|Any CPU.Build.0 = Release|Any CPU
		{932F9BF5-FB42-4F1B-84FF-02578A3C597B}.Debug|Any CPU.ActiveCfg = Debug|Any CPU
		{932F9BF5-FB42-4F1B-84FF-02578A3C597B}.Debug|Any CPU.Build.0 = Debug|Any CPU
		{932F9BF5-FB42-4F1B-84FF-02578A3C597B}.Release|Any CPU.ActiveCfg = Release|Any CPU
		{932F9BF5-FB42-4F1B-84FF-02578A3C597B}.Release|Any CPU.Build.0 = Release|Any CPU
		{CA695CF5-6214-4D9C-A28D-86DB0E4D2534}.Debug|Any CPU.ActiveCfg = Debug|Any CPU
		{CA695CF5-6214-4D9C-A28D-86DB0E4D2534}.Debug|Any CPU.Build.0 = Debug|Any CPU
		{CA695CF5-6214-4D9C-A28D-86DB0E4D2534}.Release|Any CPU.ActiveCfg = Release|Any CPU
		{CA695CF5-6214-4D9C-A28D-86DB0E4D2534}.Release|Any CPU.Build.0 = Release|Any CPU
		{26085C0B-3822-48E0-B5A8-4137BD17E368}.Debug|Any CPU.ActiveCfg = Debug|Any CPU
		{26085C0B-3822-48E0-B5A8-4137BD17E368}.Debug|Any CPU.Build.0 = Debug|Any CPU
		{26085C0B-3822-48E0-B5A8-4137BD17E368}.Release|Any CPU.ActiveCfg = Release|Any CPU
		{26085C0B-3822-48E0-B5A8-4137BD17E368}.Release|Any CPU.Build.0 = Release|Any CPU
		{2F56F508-0BE3-48BE-8916-B3D316CA811A}.Debug|Any CPU.ActiveCfg = Debug|Any CPU
		{2F56F508-0BE3-48BE-8916-B3D316CA811A}.Debug|Any CPU.Build.0 = Debug|Any CPU
		{2F56F508-0BE3-48BE-8916-B3D316CA811A}.Debug|Any CPU.Deploy.0 = Debug|Any CPU
		{2F56F508-0BE3-48BE-8916-B3D316CA811A}.Release|Any CPU.ActiveCfg = Release|Any CPU
		{2F56F508-0BE3-48BE-8916-B3D316CA811A}.Release|Any CPU.Build.0 = Release|Any CPU
	EndGlobalSection
	GlobalSection(SolutionProperties) = preSolution
		HideSolutionNode = FALSE
	EndGlobalSection
	GlobalSection(ExtensibilityGlobals) = postSolution
		SolutionGuid = {A18C6CB0-B00C-4D97-9D40-031F4E39B1C6}
	EndGlobalSection
EndGlobal
